
Microsoft Visual Studio Solution File, Format Version 12.00
# Visual Studio Version 16
VisualStudioVersion = 16.0.31402.337
MinimumVisualStudioVersion = 10.0.40219.1
Project("{FAE04EC0-301F-11D3-BF4B-00C04F79EFBC}") = "AppSecAcronyms", "AppSecAcronyms.csproj", "{7494C7BB-4A42-48FA-9C69-54212CE8820C}"
EndProject
Global
	GlobalSection(SolutionConfigurationPlatforms) = preSolution
		Debug|Any CPU = Debug|Any CPU
		Release|Any CPU = Release|Any CPU
	EndGlobalSection
	GlobalSection(ProjectConfigurationPlatforms) = postSolution
		{7494C7BB-4A42-48FA-9C69-54212CE8820C}.Debug|Any CPU.ActiveCfg = Debug|Any CPU
		{7494C7BB-4A42-48FA-9C69-54212CE8820C}.Debug|Any CPU.Build.0 = Debug|Any CPU
		{7494C7BB-4A42-48FA-9C69-54212CE8820C}.Release|Any CPU.ActiveCfg = Release|Any CPU
		{7494C7BB-4A42-48FA-9C69-54212CE8820C}.Release|Any CPU.Build.0 = Release|Any CPU
	EndGlobalSection
	GlobalSection(SolutionProperties) = preSolution
		HideSolutionNode = FALSE
	EndGlobalSection
	GlobalSection(ExtensibilityGlobals) = postSolution
		SolutionGuid = {42F5B862-B9FD-479D-90E1-4376318EA0C0}
	EndGlobalSection
EndGlobal
